PODS:
  - CocoaAsyncSocket (7.6.5)
  - DoraemonKit (3.1.7):
    - DoraemonKit/Core (= 3.1.7)
  - DoraemonKit/Core (3.1.7):
    - FMDB
    - GCDWebServer
    - GCDWebServer/WebDAV
    - GCDWebServer/WebUploader
  - FMDB (2.7.12):
    - FMDB/standard (= 2.7.12)
  - FMDB/Core (2.7.12)
  - FMDB/standard (2.7.12):
    - FMDB/Core
  - GCDWebServer (3.5.4):
    - GCDWebServer/Core (= 3.5.4)
  - GCDWebServer/Core (3.5.4)
  - GCDWebServer/WebDAV (3.5.4):
    - GCDWebServer/Core
  - GCDWebServer/WebUploader (3.5.4):
    - GCDWebServer/Core
  - QuecEsimManagerSdk (0.0.5):
    - QuecFoundationKit
    - QuecIpaSdk
    - QuecLogKit
    - QuecPayKit
  - QuecFoundationKit (1.0.4)
  - QuecIpaSdk (0.0.6):
    - QuecFoundationKit
    - QuecLogKit
  - QuecLogKit (2.1.0)
  - QuecPayKit (1.1.6):
    - QuecPayKit/default (= 1.1.6)
  - QuecPayKit/common (1.1.6)
  - QuecPayKit/default (1.1.6):
    - QuecPayKit/common
  - QuecPayKit/WechatNoSDK (1.1.6):
    - QuecPayKit/common
  - WechatOpenSDK-XCFramework (2.0.4)

DEPENDENCIES:
  - CocoaAsyncSocket (~> 7.6.5)
  - DoraemonKit
  - QuecEsimManagerSdk (= 0.0.5)
  - QuecIpaSdk (= 0.0.6)
  - QuecPayKit/WechatNoSDK (= 1.1.6)
  - WechatOpenSDK-XCFramework (= 2.0.4)

SPEC REPOS:
  https://github.com/CocoaPods/Specs.git:
    - CocoaAsyncSocket
    - DoraemonKit
    - FMDB
    - GCDWebServer
    - WechatOpenSDK-XCFramework
  https://github.com/thridparty-cloud2/QuecPublicSpecs.git:
    - QuecEsimManagerSdk
    - QuecFoundationKit
    - QuecIpaSdk
    - QuecLogKit
    - QuecPayKit

SPEC CHECKSUMS:
  CocoaAsyncSocket: 065fd1e645c7abab64f7a6a2007a48038fdc6a99
  DoraemonKit: 0b45c9dc6ab34bd426a2782ee1bf7ab13492a60b
  FMDB: 728731dd336af3936ce00f91d9d8495f5718a0e6
  GCDWebServer: 2c156a56c8226e2d5c0c3f208a3621ccffbe3ce4
  QuecEsimManagerSdk: 0cc9a32df3bebf266ca98d91c1d19d783436900a
  QuecFoundationKit: 43962fe900d8722ccd606fee90b0c4e98287a244
  QuecIpaSdk: 3e6ff95e4e7935cc5590ed25e7c0ab6cc88eb9c5
  QuecLogKit: 4307cb5aada565905a300a0592b258239231865b
  QuecPayKit: 37a9903ac133a35b5c5369e1dad702430a559ec1
  WechatOpenSDK-XCFramework: 36fb2bea0754266c17184adf4963d7e6ff98b69f

PODFILE CHECKSUM: 5898a7da72490055eb2501549d9b46a369154a2b

COCOAPODS: 1.16.0
