PODS:
  - CocoaAsyncSocket (7.6.5)
  - DoraemonKit (3.1.7):
    - DoraemonKit/Core (= 3.1.7)
  - DoraemonKit/Core (3.1.7):
    - FMDB
    - GCDWebServer
    - GCDWebServer/WebDAV
    - GCDWebServer/WebUploader
  - FMDB (2.7.12):
    - FMDB/standard (= 2.7.12)
  - FMDB/Core (2.7.12)
  - FMDB/standard (2.7.12):
    - FMDB/Core
  - GCDWebServer (3.5.4):
    - GCDWebServer/Core (= 3.5.4)
  - GCDWebServer/Core (3.5.4)
  - GCDWebServer/WebDAV (3.5.4):
    - GCDWebServer/Core
  - GCDWebServer/WebUploader (3.5.4):
    - GCDWebServer/Core
  - QuecEsimManagerSdk (0.0.4):
    - QuecFoundationKit
    - QuecIpaSdk
    - QuecLogKit
    - QuecPayKit
  - QuecFoundationKit (1.0.4)
  - QuecIpaSdk (0.0.6):
    - QuecFoundationKit
    - QuecLogKit
  - QuecLogKit (2.1.0)
  - QuecPayKit (1.1.5):
    - QuecPayKit/default (= 1.1.5)
  - QuecPayKit/common (1.1.5)
  - QuecPayKit/default (1.1.5):
    - QuecPayKit/common
  - QuecPayKit/WechatNoSDK (1.1.5):
    - QuecPayKit/common
  - WechatOpenSDK-XCFramework (2.0.4)

DEPENDENCIES:
  - CocoaAsyncSocket (~> 7.6.5)
  - DoraemonKit
  - QuecEsimManagerSdk (= 0.0.4)
  - QuecIpaSdk (= 0.0.6)
  - QuecPayKit/WechatNoSDK (= 1.1.5)
  - WechatOpenSDK-XCFramework (= 2.0.4)

SPEC REPOS:
  https://github.com/CocoaPods/Specs.git:
    - CocoaAsyncSocket
    - DoraemonKit
    - FMDB
    - GCDWebServer
    - WechatOpenSDK-XCFramework
  https://github.com/thridparty-cloud2/QuecPublicSpecs.git:
    - QuecEsimManagerSdk
    - QuecFoundationKit
    - QuecIpaSdk
    - QuecLogKit
    - QuecPayKit

SPEC CHECKSUMS:
  CocoaAsyncSocket: 065fd1e645c7abab64f7a6a2007a48038fdc6a99
  DoraemonKit: 0b45c9dc6ab34bd426a2782ee1bf7ab13492a60b
  FMDB: 728731dd336af3936ce00f91d9d8495f5718a0e6
  GCDWebServer: 2c156a56c8226e2d5c0c3f208a3621ccffbe3ce4
  QuecEsimManagerSdk: f58ccfc7281aaa2416d9a7252cae65d3b753292e
  QuecFoundationKit: 43962fe900d8722ccd606fee90b0c4e98287a244
  QuecIpaSdk: 3e6ff95e4e7935cc5590ed25e7c0ab6cc88eb9c5
  QuecLogKit: 4307cb5aada565905a300a0592b258239231865b
  QuecPayKit: 59c1063c8c23bc4b593cd3b0f548ae6c679e17db
  WechatOpenSDK-XCFramework: 36fb2bea0754266c17184adf4963d7e6ff98b69f

PODFILE CHECKSUM: fed0db0d3ef0c1652c130f19f17f5801b97b7328

COCOAPODS: 1.16.0
